
Microsoft Visual Studio Solution File, Format Version 12.00
# Visual Studio 15
VisualStudioVersion = 15.0.26124.0
MinimumVisualStudioVersion = 15.0.26124.0
Project("{FAE04EC0-301F-11D3-BF4B-00C04F79EFBC}") = "Authentication", "Authentication\Authentication.csproj", "{5BCB625C-D0CE-4E86-998A-8CEFCD489930}"
EndProject
Project("{FAE04EC0-301F-11D3-BF4B-00C04F79EFBC}") = "Ledger", "Ledger\Ledger.csproj", "{2C9A2050-3A77-4969-8321-4516600CE91E}"
EndProject
Project("{FAE04EC0-301F-11D3-BF4B-00C04F79EFBC}") = "Catalog", "Catalog\Catalog.csproj", "{2C47D66E-DA95-4A24-8451-1529CEA17EB2}"
EndProject
Project("{FAE04EC0-301F-11D3-BF4B-00C04F79EFBC}") = "Gateway", "Gateway\Gateway.csproj", "{BAC3433D-F5C6-4023-AFE9-5090DA275CE3}"
EndProject
Global
	GlobalSection(SolutionConfigurationPlatforms) = preSolution
		Debug|Any CPU = Debug|Any CPU
		Debug|x64 = Debug|x64
		Debug|x86 = Debug|x86
		Release|Any CPU = Release|Any CPU
		Release|x64 = Release|x64
		Release|x86 = Release|x86
	EndGlobalSection
	GlobalSection(SolutionProperties) = preSolution
		HideSolutionNode = FALSE
	EndGlobalSection
	GlobalSection(ProjectConfigurationPlatforms) = postSolution
		{5BCB625C-D0CE-4E86-998A-8CEFCD489930}.Debug|Any CPU.ActiveCfg = Debug|Any CPU
		{5BCB625C-D0CE-4E86-998A-8CEFCD489930}.Debug|Any CPU.Build.0 = Debug|Any CPU
		{5BCB625C-D0CE-4E86-998A-8CEFCD489930}.Debug|x64.ActiveCfg = Debug|Any CPU
		{5BCB625C-D0CE-4E86-998A-8CEFCD489930}.Debug|x64.Build.0 = Debug|Any CPU
		{5BCB625C-D0CE-4E86-998A-8CEFCD489930}.Debug|x86.ActiveCfg = Debug|Any CPU
		{5BCB625C-D0CE-4E86-998A-8CEFCD489930}.Debug|x86.Build.0 = Debug|Any CPU
		{5BCB625C-D0CE-4E86-998A-8CEFCD489930}.Release|Any CPU.ActiveCfg = Release|Any CPU
		{5BCB625C-D0CE-4E86-998A-8CEFCD489930}.Release|Any CPU.Build.0 = Release|Any CPU
		{5BCB625C-D0CE-4E86-998A-8CEFCD489930}.Release|x64.ActiveCfg = Release|Any CPU
		{5BCB625C-D0CE-4E86-998A-8CEFCD489930}.Release|x64.Build.0 = Release|Any CPU
		{5BCB625C-D0CE-4E86-998A-8CEFCD489930}.Release|x86.ActiveCfg = Release|Any CPU
		{5BCB625C-D0CE-4E86-998A-8CEFCD489930}.Release|x86.Build.0 = Release|Any CPU
		{2C9A2050-3A77-4969-8321-4516600CE91E}.Debug|Any CPU.ActiveCfg = Debug|Any CPU
		{2C9A2050-3A77-4969-8321-4516600CE91E}.Debug|Any CPU.Build.0 = Debug|Any CPU
		{2C9A2050-3A77-4969-8321-4516600CE91E}.Debug|x64.ActiveCfg = Debug|Any CPU
		{2C9A2050-3A77-4969-8321-4516600CE91E}.Debug|x64.Build.0 = Debug|Any CPU
		{2C9A2050-3A77-4969-8321-4516600CE91E}.Debug|x86.ActiveCfg = Debug|Any CPU
		{2C9A2050-3A77-4969-8321-4516600CE91E}.Debug|x86.Build.0 = Debug|Any CPU
		{2C9A2050-3A77-4969-8321-4516600CE91E}.Release|Any CPU.ActiveCfg = Release|Any CPU
		{2C9A2050-3A77-4969-8321-4516600CE91E}.Release|Any CPU.Build.0 = Release|Any CPU
		{2C9A2050-3A77-4969-8321-4516600CE91E}.Release|x64.ActiveCfg = Release|Any CPU
		{2C9A2050-3A77-4969-8321-4516600CE91E}.Release|x64.Build.0 = Release|Any CPU
		{2C9A2050-3A77-4969-8321-4516600CE91E}.Release|x86.ActiveCfg = Release|Any CPU
		{2C9A2050-3A77-4969-8321-4516600CE91E}.Release|x86.Build.0 = Release|Any CPU
		{2C47D66E-DA95-4A24-8451-1529CEA17EB2}.Debug|Any CPU.ActiveCfg = Debug|Any CPU
		{2C47D66E-DA95-4A24-8451-1529CEA17EB2}.Debug|Any CPU.Build.0 = Debug|Any CPU
		{2C47D66E-DA95-4A24-8451-1529CEA17EB2}.Debug|x64.ActiveCfg = Debug|Any CPU
		{2C47D66E-DA95-4A24-8451-1529CEA17EB2}.Debug|x64.Build.0 = Debug|Any CPU
		{2C47D66E-DA95-4A24-8451-1529CEA17EB2}.Debug|x86.ActiveCfg = Debug|Any CPU
		{2C47D66E-DA95-4A24-8451-1529CEA17EB2}.Debug|x86.Build.0 = Debug|Any CPU
		{2C47D66E-DA95-4A24-8451-1529CEA17EB2}.Release|Any CPU.ActiveCfg = Release|Any CPU
		{2C47D66E-DA95-4A24-8451-1529CEA17EB2}.Release|Any CPU.Build.0 = Release|Any CPU
		{2C47D66E-DA95-4A24-8451-1529CEA17EB2}.Release|x64.ActiveCfg = Release|Any CPU
		{2C47D66E-DA95-4A24-8451-1529CEA17EB2}.Release|x64.Build.0 = Release|Any CPU
		{2C47D66E-DA95-4A24-8451-1529CEA17EB2}.Release|x86.ActiveCfg = Release|Any CPU
		{2C47D66E-DA95-4A24-8451-1529CEA17EB2}.Release|x86.Build.0 = Release|Any CPU
		{BAC3433D-F5C6-4023-AFE9-5090DA275CE3}.Debug|Any CPU.ActiveCfg = Debug|Any CPU
		{BAC3433D-F5C6-4023-AFE9-5090DA275CE3}.Debug|Any CPU.Build.0 = Debug|Any CPU
		{BAC3433D-F5C6-4023-AFE9-5090DA275CE3}.Debug|x64.ActiveCfg = Debug|Any CPU
		{BAC3433D-F5C6-4023-AFE9-5090DA275CE3}.Debug|x64.Build.0 = Debug|Any CPU
		{BAC3433D-F5C6-4023-AFE9-5090DA275CE3}.Debug|x86.ActiveCfg = Debug|Any CPU
		{BAC3433D-F5C6-4023-AFE9-5090DA275CE3}.Debug|x86.Build.0 = Debug|Any CPU
		{BAC3433D-F5C6-4023-AFE9-5090DA275CE3}.Release|Any CPU.ActiveCfg = Release|Any CPU
		{BAC3433D-F5C6-4023-AFE9-5090DA275CE3}.Release|Any CPU.Build.0 = Release|Any CPU
		{BAC3433D-F5C6-4023-AFE9-5090DA275CE3}.Release|x64.ActiveCfg = Release|Any CPU
		{BAC3433D-F5C6-4023-AFE9-5090DA275CE3}.Release|x64.Build.0 = Release|Any CPU
		{BAC3433D-F5C6-4023-AFE9-5090DA275CE3}.Release|x86.ActiveCfg = Release|Any CPU
		{BAC3433D-F5C6-4023-AFE9-5090DA275CE3}.Release|x86.Build.0 = Release|Any CPU
	EndGlobalSection
EndGlobal
